{
  "nodes": {
    "nixpkgs": {
      "locked": {
        "lastModified": 1597444211,
        "narHash": "sha256-5JlVzauHV4XlqxVweI9nMhMNszmmfNjFP8lqB5pnDcI=",
        "owner": "NixOS",
        "repo": "nixpkgs",
        "rev": "3506bce1d405f078c09a5201e3bb46eb64d5e9e7",
        "type": "github"
      },
      "original": {
        "owner": "NixOS",
        "ref": "nixos-20.03",
        "repo": "nixpkgs",
        "type": "github"
      }
    },
    "root": {
      "inputs": {
        "nixpkgs": "nixpkgs"
      }
    }
  },
  "root": "root",
  "version": 7
}
